
Microsoft Visual Studio Solution File, Format Version 12.00
# Visual Studio Version 17
VisualStudioVersion = 17.10.34928.147
MinimumVisualStudioVersion = 10.0.40219.1
Project("{2150E333-8FDC-42A3-9474-1A3956D46DE8}") = "Persona", "Persona", "{6AACA962-EAE6-41D9-83CB-4CCFF94B4217}"
EndProject
Project("{FAE04EC0-301F-11D3-BF4B-00C04F79EFBC}") = "Practicas", "Practicas\Practicas.csproj", "{27BA4FBA-B529-4F8F-AE01-DAACDA4A0A22}"
EndProject
Global
	GlobalSection(SolutionConfigurationPlatforms) = preSolution
		Debug|Any CPU = Debug|Any CPU
		Release|Any CPU = Release|Any CPU
	EndGlobalSection
	GlobalSection(ProjectConfigurationPlatforms) = postSolution
		{27BA4FBA-B529-4F8F-AE01-DAACDA4A0A22}.Debug|Any CPU.ActiveCfg = Debug|Any CPU
		{27BA4FBA-B529-4F8F-AE01-DAACDA4A0A22}.Debug|Any CPU.Build.0 = Debug|Any CPU
		{27BA4FBA-B529-4F8F-AE01-DAACDA4A0A22}.Release|Any CPU.ActiveCfg = Release|Any CPU
		{27BA4FBA-B529-4F8F-AE01-DAACDA4A0A22}.Release|Any CPU.Build.0 = Release|Any CPU
	EndGlobalSection
	GlobalSection(SolutionProperties) = preSolution
		HideSolutionNode = FALSE
	EndGlobalSection
	GlobalSection(NestedProjects) = preSolution
		{27BA4FBA-B529-4F8F-AE01-DAACDA4A0A22} = {6AACA962-EAE6-41D9-83CB-4CCFF94B4217}
	EndGlobalSection
	GlobalSection(ExtensibilityGlobals) = postSolution
		SolutionGuid = {A71BB2E4-5A27-4F81-8EB1-CBF8DA0EF501}
	EndGlobalSection
EndGlobal
